// !$*UTF8*$!
{
	archiveVersion = 1;
	classes = {
	};
	objectVersion = 56;
	objects = {

/* Begin PBXBuildFile section */
		72F101F629A79DAF0049F61E /* AppDelegate.swift in Sources */ = {isa = PBXBuildFile; fileRef = 72F101F529A79DAF0049F61E /* AppDelegate.swift */; };
		72F101F829A79DAF0049F61E /* SceneDelegate.swift in Sources */ = {isa = PBXBuildFile; fileRef = 72F101F729A79DAF0049F61E /* SceneDelegate.swift */; };
		72F101FA29A79DAF0049F61E /* ViewController.swift in Sources */ = {isa = PBXBuildFile; fileRef = 72F101F929A79DAF0049F61E /* ViewController.swift */; };
		72F101FD29A79DAF0049F61E /* Main.storyboard in Resources */ = {isa = PBXBuildFile; fileRef = 72F101FB29A79DAF0049F61E /* Main.storyboard */; };
		72F101FF29A79DB70049F61E /* Assets.xcassets in Resources */ = {isa = PBXBuildFile; fileRef = 72F101FE29A79DB70049F61E /* Assets.xcassets */; };
		72F1020229A79DB70049F61E /* LaunchScreen.storyboard in Resources */ = {isa = PBXBuildFile; fileRef = 72F1020029A79DB70049F61E /* LaunchScreen.storyboard */; };
		72F1020D29A79DB70049F61E /* Rock_Paper_Scissor_ProjectTests.swift in Sources */ = {isa = PBXBuildFile; fileRef = 72F1020C29A79DB70049F61E /* Rock_Paper_Scissor_ProjectTests.swift */; };
		72F1021729A79DB70049F61E /* Rock_Paper_Scissor_ProjectUITests.swift in Sources */ = {isa = PBXBuildFile; fileRef = 72F1021629A79DB70049F61E /* Rock_Paper_Scissor_ProjectUITests.swift */; };
		72F1021929A79DB70049F61E /* Rock_Paper_Scissor_ProjectUITestsLaunchTests.swift in Sources */ = {isa = PBXBuildFile; fileRef = 72F1021829A79DB70049F61E /* Rock_Paper_Scissor_ProjectUITestsLaunchTests.swift */; };
/* End PBXBuildFile section */

/* Begin PBXContainerItemProxy section */
		72F1020929A79DB70049F61E /* PBXContainerItemProxy */ = {
			isa = PBXContainerItemProxy;
			containerPortal = 72F101EA29A79DAF0049F61E /* Project object */;
			proxyType = 1;
			remoteGlobalIDString = 72F101F129A79DAF0049F61E;
			remoteInfo = "Rock-Paper-Scissor Project";
		};
		72F1021329A79DB70049F61E /* PBXContainerItemProxy */ = {
			isa = PBXContainerItemProxy;
			containerPortal = 72F101EA29A79DAF0049F61E /* Project object */;
			proxyType = 1;
			remoteGlobalIDString = 72F101F129A79DAF0049F61E;
			remoteInfo = "Rock-Paper-Scissor Project";
		};
/* End PBXContainerItemProxy section */

/* Begin PBXFileReference section */
		72F101F229A79DAF0049F61E /* Rock-Paper-Scissor Project.app */ = {isa = PBXFileReference; explicitFileType = wrapper.application; includeInIndex = 0; path = "Rock-Paper-Scissor Project.app"; sourceTree = BUILT_PRODUCTS_DIR; };
		72F101F529A79DAF0049F61E /* AppDelegate.swift */ = {isa = PBXFileReference; lastKnownFileType = sourcecode.swift; path = AppDelegate.swift; sourceTree = "<group>"; };
		72F101F729A79DAF0049F61E /* SceneDelegate.swift */ = {isa = PBXFileReference; lastKnownFileType = sourcecode.swift; path = SceneDelegate.swift; sourceTree = "<group>"; };
		72F101F929A79DAF0049F61E /* ViewController.swift */ = {isa = PBXFileReference; lastKnownFileType = sourcecode.swift; path = ViewController.swift; sourceTree = "<group>"; };
		72F101FC29A79DAF0049F61E /* Base */ = {isa = PBXFileReference; lastKnownFileType = file.storyboard; name = Base; path = Base.lproj/Main.storyboard; sourceTree = "<group>"; };
		72F101FE29A79DB70049F61E /* Assets.xcassets */ = {isa = PBXFileReference; lastKnownFileType = folder.assetcatalog; path = Assets.xcassets; sourceTree = "<group>"; };
		72F1020129A79DB70049F61E /* Base */ = {isa = PBXFileReference; lastKnownFileType = file.storyboard; name = Base; path = Base.lproj/LaunchScreen.storyboard; sourceTree = "<group>"; };
		72F1020329A79DB70049F61E /* Info.plist */ = {isa = PBXFileReference; lastKnownFileType = text.plist.xml; path = Info.plist; sourceTree = "<group>"; };
		72F1020829A79DB70049F61E /* Rock-Paper-Scissor ProjectTests.xctest */ = {isa = PBXFileReference; explicitFileType = wrapper.cfbundle; includeInIndex = 0; path = "Rock-Paper-Scissor ProjectTests.xctest"; sourceTree = BUILT_PRODUCTS_DIR; };
		72F1020C29A79DB70049F61E /* Rock_Paper_Scissor_ProjectTests.swift */ = {isa = PBXFileReference; lastKnownFileType = sourcecode.swift; path = Rock_Paper_Scissor_ProjectTests.swift; sourceTree = "<group>"; };
		72F1021229A79DB70049F61E /* Rock-Paper-Scissor ProjectUITests.xctest */ = {isa = PBXFileReference; explicitFileType = wrapper.cfbundle; includeInIndex = 0; path = "Rock-Paper-Scissor ProjectUITests.xctest"; sourceTree = BUILT_PRODUCTS_DIR; };
		72F1021629A79DB70049F61E /* Rock_Paper_Scissor_ProjectUITests.swift */ = {isa = PBXFileReference; lastKnownFileType = sourcecode.swift; path = Rock_Paper_Scissor_ProjectUITests.swift; sourceTree = "<group>"; };
		72F1021829A79DB70049F61E /* Rock_Paper_Scissor_ProjectUITestsLaunchTests.swift */ = {isa = PBXFileReference; lastKnownFileType = sourcecode.swift; path = Rock_Paper_Scissor_ProjectUITestsLaunchTests.swift; sourceTree = "<group>"; };
/* End PBXFileReference section */

/* Begin PBXFrameworksBuildPhase section */
		72F101EF29A79DAF0049F61E /* Frameworks */ = {
			isa = PBXFrameworksBuildPhase;
			buildActionMask = 2147483647;
			files = (
			);
			runOnlyForDeploymentPostprocessing = 0;
		};
		72F1020529A79DB70049F61E /* Frameworks */ = {
			isa = PBXFrameworksBuildPhase;
			buildActionMask = 2147483647;
			files = (
			);
			runOnlyForDeploymentPostprocessing = 0;
		};
		72F1020F29A79DB70049F61E /* Frameworks */ = {
			isa = PBXFrameworksBuildPhase;
			buildActionMask = 2147483647;
			files = (
			);
			runOnlyForDeploymentPostprocessing = 0;
		};
/* End PBXFrameworksBuildPhase section */

/* Begin PBXGroup section */
		72F101E929A79DAF0049F61E = {
			isa = PBXGroup;
			children = (
				72F101F429A79DAF0049F61E /* Rock-Paper-Scissor Project */,
				72F1020B29A79DB70049F61E /* Rock-Paper-Scissor ProjectTests */,
				72F1021529A79DB70049F61E /* Rock-Paper-Scissor ProjectUITests */,
				72F101F329A79DAF0049F61E /* Products */,
			);
			sourceTree = "<group>";
		};
		72F101F329A79DAF0049F61E /* Products */ = {
			isa = PBXGroup;
			children = (
				72F101F229A79DAF0049F61E /* Rock-Paper-Scissor Project.app */,
				72F1020829A79DB70049F61E /* Rock-Paper-Scissor ProjectTests.xctest */,
				72F1021229A79DB70049F61E /* Rock-Paper-Scissor ProjectUITests.xctest */,
			);
			name = Products;
			sourceTree = "<group>";
		};
		72F101F429A79DAF0049F61E /* Rock-Paper-Scissor Project */ = {
			isa = PBXGroup;
			children = (
				72F101F529A79DAF0049F61E /* AppDelegate.swift */,
				72F101F729A79DAF0049F61E /* SceneDelegate.swift */,
				72F101F929A79DAF0049F61E /* ViewController.swift */,
				72F101FB29A79DAF0049F61E /* Main.storyboard */,
				72F101FE29A79DB70049F61E /* Assets.xcassets */,
				72F1020029A79DB70049F61E /* LaunchScreen.storyboard */,
				72F1020329A79DB70049F61E /* Info.plist */,
			);
			path = "Rock-Paper-Scissor Project";
			sourceTree = "<group>";
		};
		72F1020B29A79DB70049F61E /* Rock-Paper-Scissor ProjectTests */ = {
			isa = PBXGroup;
			children = (
				72F1020C29A79DB70049F61E /* Rock_Paper_Scissor_ProjectTests.swift */,
			);
			path = "Rock-Paper-Scissor ProjectTests";
			sourceTree = "<group>";
		};
		72F1021529A79DB70049F61E /* Rock-Paper-Scissor ProjectUITests */ = {
			isa = PBXGroup;
			children = (
				72F1021629A79DB70049F61E /* Rock_Paper_Scissor_ProjectUITests.swift */,
				72F1021829A79DB70049F61E /* Rock_Paper_Scissor_ProjectUITestsLaunchTests.swift */,
			);
			path = "Rock-Paper-Scissor ProjectUITests";
			sourceTree = "<group>";
		};
/* End PBXGroup section */

/* Begin PBXNativeTarget section */
		72F101F129A79DAF0049F61E /* Rock-Paper-Scissor Project */ = {
			isa = PBXNativeTarget;
			buildConfigurationList = 72F1021C29A79DB70049F61E /* Build configuration list for PBXNativeTarget "Rock-Paper-Scissor Project" */;
			buildPhases = (
				72F101EE29A79DAF0049F61E /* Sources */,
				72F101EF29A79DAF0049F61E /* Frameworks */,
				72F101F029A79DAF0049F61E /* Resources */,
			);
			buildRules = (
			);
			dependencies = (
			);
			name = "Rock-Paper-Scissor Project";
			productName = "Rock-Paper-Scissor Project";
			productReference = 72F101F229A79DAF0049F61E /* Rock-Paper-Scissor Project.app */;
			productType = "com.apple.product-type.application";
		};
		72F1020729A79DB70049F61E /* Rock-Paper-Scissor ProjectTests */ = {
			isa = PBXNativeTarget;
			buildConfigurationList = 72F1021F29A79DB70049F61E /* Build configuration list for PBXNativeTarget "Rock-Paper-Scissor ProjectTests" */;
			buildPhases = (
				72F1020429A79DB70049F61E /* Sources */,
				72F1020529A79DB70049F61E /* Frameworks */,
				72F1020629A79DB70049F61E /* Resources */,
			);
			buildRules = (
			);
			dependencies = (
				72F1020A29A79DB70049F61E /* PBXTargetDependency */,
			);
			name = "Rock-Paper-Scissor ProjectTests";
			productName = "Rock-Paper-Scissor ProjectTests";
			productReference = 72F1020829A79DB70049F61E /* Rock-Paper-Scissor ProjectTests.xctest */;
			productType = "com.apple.product-type.bundle.unit-test";
		};
		72F1021129A79DB70049F61E /* Rock-Paper-Scissor ProjectUITests */ = {
			isa = PBXNativeTarget;
			buildConfigurationList = 72F1022229A79DB70049F61E /* Build configuration list for PBXNativeTarget "Rock-Paper-Scissor ProjectUITests" */;
			buildPhases = (
				72F1020E29A79DB70049F61E /* Sources */,
				72F1020F29A79DB70049F61E /* Frameworks */,
				72F1021029A79DB70049F61E /* Resources */,
			);
			buildRules = (
			);
			dependencies = (
				72F1021429A79DB70049F61E /* PBXTargetDependency */,
			);
			name = "Rock-Paper-Scissor ProjectUITests";
			productName = "Rock-Paper-Scissor ProjectUITests";
			productReference = 72F1021229A79DB70049F61E /* Rock-Paper-Scissor ProjectUITests.xctest */;
			productType = "com.apple.product-type.bundle.ui-testing";
		};
/* End PBXNativeTarget section */

/* Begin PBXProject section */
		72F101EA29A79DAF0049F61E /* Project object */ = {
			isa = PBXProject;
			attributes = {
				BuildIndependentTargetsInParallel = 1;
				LastSwiftUpdateCheck = 1420;
				LastUpgradeCheck = 1420;
				TargetAttributes = {
					72F101F129A79DAF0049F61E = {
						CreatedOnToolsVersion = 14.2;
					};
					72F1020729A79DB70049F61E = {
						CreatedOnToolsVersion = 14.2;
						TestTargetID = 72F101F129A79DAF0049F61E;
					};
					72F1021129A79DB70049F61E = {
						CreatedOnToolsVersion = 14.2;
						TestTargetID = 72F101F129A79DAF0049F61E;
					};
				};
			};
			buildConfigurationList = 72F101ED29A79DAF0049F61E /* Build configuration list for PBXProject "Rock-Paper-Scissor Project" */;
			compatibilityVersion = "Xcode 14.0";
			developmentRegion = en;
			hasScannedForEncodings = 0;
			knownRegions = (
				en,
				Base,
			);
			mainGroup = 72F101E929A79DAF0049F61E;
			productRefGroup = 72F101F329A79DAF0049F61E /* Products */;
			projectDirPath = "";
			projectRoot = "";
			targets = (
				72F101F129A79DAF0049F61E /* Rock-Paper-Scissor Project */,
				72F1020729A79DB70049F61E /* Rock-Paper-Scissor ProjectTests */,
				72F1021129A79DB70049F61E /* Rock-Paper-Scissor ProjectUITests */,
			);
		};
/* End PBXProject section */

/* Begin PBXResourcesBuildPhase section */
		72F101F029A79DAF0049F61E /* Resources */ = {
			isa = PBXResourcesBuildPhase;
			buildActionMask = 2147483647;
			files = (
				72F1020229A79DB70049F61E /* LaunchScreen.storyboard in Resources */,
				72F101FF29A79DB70049F61E /* Assets.xcassets in Resources */,
				72F101FD29A79DAF0049F61E /* Main.storyboard in Resources */,
			);
			runOnlyForDeploymentPostprocessing = 0;
		};
		72F1020629A79DB70049F61E /* Resources */ = {
			isa = PBXResourcesBuildPhase;
			buildActionMask = 2147483647;
			files = (
			);
			runOnlyForDeploymentPostprocessing = 0;
		};
		72F1021029A79DB70049F61E /* Resources */ = {
			isa = PBXResourcesBuildPhase;
			buildActionMask = 2147483647;
			files = (
			);
			runOnlyForDeploymentPostprocessing = 0;
		};
/* End PBXResourcesBuildPhase section */

/* Begin PBXSourcesBuildPhase section */
		72F101EE29A79DAF0049F61E /* Sources */ = {
			isa = PBXSourcesBuildPhase;
			buildActionMask = 2147483647;
			files = (
				72F101FA29A79DAF0049F61E /* ViewController.swift in Sources */,
				72F101F629A79DAF0049F61E /* AppDelegate.swift in Sources */,
				72F101F829A79DAF0049F61E /* SceneDelegate.swift in Sources */,
			);
			runOnlyForDeploymentPostprocessing = 0;
		};
		72F1020429A79DB70049F61E /* Sources */ = {
			isa = PBXSourcesBuildPhase;
			buildActionMask = 2147483647;
			files = (
				72F1020D29A79DB70049F61E /* Rock_Paper_Scissor_ProjectTests.swift in Sources */,
			);
			runOnlyForDeploymentPostprocessing = 0;
		};
		72F1020E29A79DB70049F61E /* Sources */ = {
			isa = PBXSourcesBuildPhase;
			buildActionMask = 2147483647;
			files = (
				72F1021729A79DB70049F61E /* Rock_Paper_Scissor_ProjectUITests.swift in Sources */,
				72F1021929A79DB70049F61E /* Rock_Paper_Scissor_ProjectUITestsLaunchTests.swift in Sources */,
			);
			runOnlyForDeploymentPostprocessing = 0;
		};
/* End PBXSourcesBuildPhase section */

/* Begin PBXTargetDependency section */
		72F1020A29A79DB70049F61E /* PBXTargetDependency */ = {
			isa = PBXTargetDependency;
			target = 72F101F129A79DAF0049F61E /* Rock-Paper-Scissor Project */;
			targetProxy = 72F1020929A79DB70049F61E /* PBXContainerItemProxy */;
		};
		72F1021429A79DB70049F61E /* PBXTargetDependency */ = {
			isa = PBXTargetDependency;
			target = 72F101F129A79DAF0049F61E /* Rock-Paper-Scissor Project */;
			targetProxy = 72F1021329A79DB70049F61E /* PBXContainerItemProxy */;
		};
/* End PBXTargetDependency section */

/* Begin PBXVariantGroup section */
		72F101FB29A79DAF0049F61E /* Main.storyboard */ = {
			isa = PBXVariantGroup;
			children = (
				72F101FC29A79DAF0049F61E /* Base */,
			);
			name = Main.storyboard;
			sourceTree = "<group>";
		};
		72F1020029A79DB70049F61E /* LaunchScreen.storyboard */ = {
			isa = PBXVariantGroup;
			children = (
				72F1020129A79DB70049F61E /* Base */,
			);
			name = LaunchScreen.storyboard;
			sourceTree = "<group>";
		};
/* End PBXVariantGroup section */

/* Begin XCBuildConfiguration section */
		72F1021A29A79DB70049F61E /* Debug */ = {
			isa = XCBuildConfiguration;
			buildSettings = {
				ALWAYS_SEARCH_USER_PATHS = NO;
				CLANG_ANALYZER_NONNULL = YES;
				CLANG_ANALYZER_NUMBER_OBJECT_CONVERSION = YES_AGGRESSIVE;
				CLANG_CXX_LANGUAGE_STANDARD = "gnu++20";
				CLANG_ENABLE_MODULES = YES;
				CLANG_ENABLE_OBJC_ARC = YES;
				CLANG_ENABLE_OBJC_WEAK = YES;
				CLANG_WARN_BLOCK_CAPTURE_AUTORELEASING = YES;
				CLANG_WARN_BOOL_CONVERSION = YES;
				CLANG_WARN_COMMA = YES;
				CLANG_WARN_CONSTANT_CONVERSION = YES;
				CLANG_WARN_DEPRECATED_OBJC_IMPLEMENTATIONS = YES;
				CLANG_WARN_DIRECT_OBJC_ISA_USAGE = YES_ERROR;
				CLANG_WARN_DOCUMENTATION_COMMENTS = YES;
				CLANG_WARN_EMPTY_BODY = YES;
				CLANG_WARN_ENUM_CONVERSION = YES;
				CLANG_WARN_INFINITE_RECURSION = YES;
				CLANG_WARN_INT_CONVERSION = YES;
				CLANG_WARN_NON_LITERAL_NULL_CONVERSION = YES;
				CLANG_WARN_OBJC_IMPLICIT_RETAIN_SELF = YES;
				CLANG_WARN_OBJC_LITERAL_CONVERSION = YES;
				CLANG_WARN_OBJC_ROOT_CLASS = YES_ERROR;
				CLANG_WARN_QUOTED_INCLUDE_IN_FRAMEWORK_HEADER = YES;
				CLANG_WARN_RANGE_LOOP_ANALYSIS = YES;
				CLANG_WARN_STRICT_PROTOTYPES = YES;
				CLANG_WARN_SUSPICIOUS_MOVE = YES;
				CLANG_WARN_UNGUARDED_AVAILABILITY = YES_AGGRESSIVE;
				CLANG_WARN_UNREACHABLE_CODE = YES;
				CLANG_WARN__DUPLICATE_METHOD_MATCH = YES;
				COPY_PHASE_STRIP = NO;
				DEBUG_INFORMATION_FORMAT = dwarf;
				ENABLE_STRICT_OBJC_MSGSEND = YES;
				ENABLE_TESTABILITY = YES;
				GCC_C_LANGUAGE_STANDARD = gnu11;
				GCC_DYNAMIC_NO_PIC = NO;
				GCC_NO_COMMON_BLOCKS = YES;
				GCC_OPTIMIZATION_LEVEL = 0;
				GCC_PREPROCESSOR_DEFINITIONS = (
					"DEBUG=1",
					"$(inherited)",
				);
				GCC_WARN_64_TO_32_BIT_CONVERSION = YES;
				GCC_WARN_ABOUT_RETURN_TYPE = YES_ERROR;
				GCC_WARN_UNDECLARED_SELECTOR = YES;
				GCC_WARN_UNINITIALIZED_AUTOS = YES_AGGRESSIVE;
				GCC_WARN_UNUSED_FUNCTION = YES;
				GCC_WARN_UNUSED_VARIABLE = YES;
				IPHONEOS_DEPLOYMENT_TARGET = 16.2;
				MTL_ENABLE_DEBUG_INFO = INCLUDE_SOURCE;
				MTL_FAST_MATH = YES;
				ONLY_ACTIVE_ARCH = YES;
				SDKROOT = iphoneos;
				SWIFT_ACTIVE_COMPILATION_CONDITIONS = DEBUG;
				SWIFT_OPTIMIZATION_LEVEL = "-Onone";
			};
			name = Debug;
		};
		72F1021B29A79DB70049F61E /* Release */ = {
			isa = XCBuildConfiguration;
			buildSettings = {
				ALWAYS_SEARCH_USER_PATHS = NO;
				CLANG_ANALYZER_NONNULL = YES;
				CLANG_ANALYZER_NUMBER_OBJECT_CONVERSION = YES_AGGRESSIVE;
				CLANG_CXX_LANGUAGE_STANDARD = "gnu++20";
				CLANG_ENABLE_MODULES = YES;
				CLANG_ENABLE_OBJC_ARC = YES;
				CLANG_ENABLE_OBJC_WEAK = YES;
				CLANG_WARN_BLOCK_CAPTURE_AUTORELEASING = YES;
				CLANG_WARN_BOOL_CONVERSION = YES;
				CLANG_WARN_COMMA = YES;
				CLANG_WARN_CONSTANT_CONVERSION = YES;
				CLANG_WARN_DEPRECATED_OBJC_IMPLEMENTATIONS = YES;
				CLANG_WARN_DIRECT_OBJC_ISA_USAGE = YES_ERROR;
				CLANG_WARN_DOCUMENTATION_COMMENTS = YES;
				CLANG_WARN_EMPTY_BODY = YES;
				CLANG_WARN_ENUM_CONVERSION = YES;
				CLANG_WARN_INFINITE_RECURSION = YES;
				CLANG_WARN_INT_CONVERSION = YES;
				CLANG_WARN_NON_LITERAL_NULL_CONVERSION = YES;
				CLANG_WARN_OBJC_IMPLICIT_RETAIN_SELF = YES;
				CLANG_WARN_OBJC_LITERAL_CONVERSION = YES;
				CLANG_WARN_OBJC_ROOT_CLASS = YES_ERROR;
				CLANG_WARN_QUOTED_INCLUDE_IN_FRAMEWORK_HEADER = YES;
				CLANG_WARN_RANGE_LOOP_ANALYSIS = YES;
				CLANG_WARN_STRICT_PROTOTYPES = YES;
				CLANG_WARN_SUSPICIOUS_MOVE = YES;
				CLANG_WARN_UNGUARDED_AVAILABILITY = YES_AGGRESSIVE;
				CLANG_WARN_UNREACHABLE_CODE = YES;
				CLANG_WARN__DUPLICATE_METHOD_MATCH = YES;
				COPY_PHASE_STRIP = NO;
				DEBUG_INFORMATION_FORMAT = "dwarf-with-dsym";
				ENABLE_NS_ASSERTIONS = NO;
				ENABLE_STRICT_OBJC_MSGSEND = YES;
				GCC_C_LANGUAGE_STANDARD = gnu11;
				GCC_NO_COMMON_BLOCKS = YES;
				GCC_WARN_64_TO_32_BIT_CONVERSION = YES;
				GCC_WARN_ABOUT_RETURN_TYPE = YES_ERROR;
				GCC_WARN_UNDECLARED_SELECTOR = YES;
				GCC_WARN_UNINITIALIZED_AUTOS = YES_AGGRESSIVE;
				GCC_WARN_UNUSED_FUNCTION = YES;
				GCC_WARN_UNUSED_VARIABLE = YES;
				IPHONEOS_DEPLOYMENT_TARGET = 16.2;
				MTL_ENABLE_DEBUG_INFO = NO;
				MTL_FAST_MATH = YES;
				SDKROOT = iphoneos;
				SWIFT_COMPILATION_MODE = wholemodule;
				SWIFT_OPTIMIZATION_LEVEL = "-O";
				VALIDATE_PRODUCT = YES;
			};
			name = Release;
		};
		72F1021D29A79DB70049F61E /* Debug */ = {
			isa = XCBuildConfiguration;
			buildSettings = {
				ASSETCATALOG_COMPILER_APPICON_NAME = AppIcon;
				ASSETCATALOG_COMPILER_GLOBAL_ACCENT_COLOR_NAME = AccentColor;
				CODE_SIGN_STYLE = Automatic;
				CURRENT_PROJECT_VERSION = 1;
				DEVELOPMENT_TEAM = R83F6KG238;
				GENERATE_INFOPLIST_FILE = YES;
				INFOPLIST_FILE = "Rock-Paper-Scissor Project/Info.plist";
				INFOPLIST_KEY_UIApplicationSupportsIndirectInputEvents = YES;
				INFOPLIST_KEY_UILaunchStoryboardName = LaunchScreen;
				INFOPLIST_KEY_UIMainStoryboardFile = Main;
				INFOPLIST_KEY_UISupportedInterfaceOrientations_iPad = "UIInterfaceOrientationPortrait UIInterfaceOrientationPortraitUpsideDown UIInterfaceOrientationLandscapeLeft UIInterfaceOrientationLandscapeRight";
				INFOPLIST_KEY_UISupportedInterfaceOrientations_iPhone = "UIInterfaceOrientationPortrait UIInterfaceOrientationLandscapeLeft UIInterfaceOrientationLandscapeRight";
				LD_RUNPATH_SEARCH_PATHS = (
					"$(inherited)",
					"@executable_path/Frameworks",
				);
				MARKETING_VERSION = 1.0;
				PRODUCT_BUNDLE_IDENTIFIER = "com.example.Rock-Paper-Scissor-Project";
				PRODUCT_NAME = "$(TARGET_NAME)";
				SWIFT_EMIT_LOC_STRINGS = YES;
				SWIFT_VERSION = 5.0;
				TARGETED_DEVICE_FAMILY = "1,2";
			};
			name = Debug;
		};
		72F1021E29A79DB70049F61E /* Release */ = {
			isa = XCBuildConfiguration;
			buildSettings = {
				ASSETCATALOG_COMPILER_APPICON_NAME = AppIcon;
				ASSETCATALOG_COMPILER_GLOBAL_ACCENT_COLOR_NAME = AccentColor;
				CODE_SIGN_STYLE = Automatic;
				CURRENT_PROJECT_VERSION = 1;
				DEVELOPMENT_TEAM = R83F6KG238;
				GENERATE_INFOPLIST_FILE = YES;
				INFOPLIST_FILE = "Rock-Paper-Scissor Project/Info.plist";
				INFOPLIST_KEY_UIApplicationSupportsIndirectInputEvents = YES;
				INFOPLIST_KEY_UILaunchStoryboardName = LaunchScreen;
				INFOPLIST_KEY_UIMainStoryboardFile = Main;
				INFOPLIST_KEY_UISupportedInterfaceOrientations_iPad = "UIInterfaceOrientationPortrait UIInterfaceOrientationPortraitUpsideDown UIInterfaceOrientationLandscapeLeft UIInterfaceOrientationLandscapeRight";
				INFOPLIST_KEY_UISupportedInterfaceOrientations_iPhone = "UIInterfaceOrientationPortrait UIInterfaceOrientationLandscapeLeft UIInterfaceOrientationLandscapeRight";
				LD_RUNPATH_SEARCH_PATHS = (
					"$(inherited)",
					"@executable_path/Frameworks",
				);
				MARKETING_VERSION = 1.0;
				PRODUCT_BUNDLE_IDENTIFIER = "com.example.Rock-Paper-Scissor-Project";
				PRODUCT_NAME = "$(TARGET_NAME)";
				SWIFT_EMIT_LOC_STRINGS = YES;
				SWIFT_VERSION = 5.0;
				TARGETED_DEVICE_FAMILY = "1,2";
			};
			name = Release;
		};
		72F1022029A79DB70049F61E /* Debug */ = {
			isa = XCBuildConfiguration;
			buildSettings = {
				ALWAYS_EMBED_SWIFT_STANDARD_LIBRARIES = YES;
				BUNDLE_LOADER = "$(TEST_HOST)";
				CODE_SIGN_STYLE = Automatic;
				CURRENT_PROJECT_VERSION = 1;
				DEVELOPMENT_TEAM = R83F6KG238;
				GENERATE_INFOPLIST_FILE = YES;
				IPHONEOS_DEPLOYMENT_TARGET = 16.2;
				MARKETING_VERSION = 1.0;
				PRODUCT_BUNDLE_IDENTIFIER = "com.example.Rock-Paper-Scissor-ProjectTests";
				PRODUCT_NAME = "$(TARGET_NAME)";
				SWIFT_EMIT_LOC_STRINGS = NO;
				SWIFT_VERSION = 5.0;
				TARGETED_DEVICE_FAMILY = "1,2";
				TEST_HOST = "$(BUILT_PRODUCTS_DIR)/Rock-Paper-Scissor Project.app/$(BUNDLE_EXECUTABLE_FOLDER_PATH)/Rock-Paper-Scissor Project";
			};
			name = Debug;
		};
		72F1022129A79DB70049F61E /* Release */ = {
			isa = XCBuildConfiguration;
			buildSettings = {
				ALWAYS_EMBED_SWIFT_STANDARD_LIBRARIES = YES;
				BUNDLE_LOADER = "$(TEST_HOST)";
				CODE_SIGN_STYLE = Automatic;
				CURRENT_PROJECT_VERSION = 1;
				DEVELOPMENT_TEAM = R83F6KG238;
				GENERATE_INFOPLIST_FILE = YES;
				IPHONEOS_DEPLOYMENT_TARGET = 16.2;
				MARKETING_VERSION = 1.0;
				PRODUCT_BUNDLE_IDENTIFIER = "com.example.Rock-Paper-Scissor-ProjectTests";
				PRODUCT_NAME = "$(TARGET_NAME)";
				SWIFT_EMIT_LOC_STRINGS = NO;
				SWIFT_VERSION = 5.0;
				TARGETED_DEVICE_FAMILY = "1,2";
				TEST_HOST = "$(BUILT_PRODUCTS_DIR)/Rock-Paper-Scissor Project.app/$(BUNDLE_EXECUTABLE_FOLDER_PATH)/Rock-Paper-Scissor Project";
			};
			name = Release;
		};
		72F1022329A79DB70049F61E /* Debug */ = {
			isa = XCBuildConfiguration;
			buildSettings = {
				ALWAYS_EMBED_SWIFT_STANDARD_LIBRARIES = YES;
				CODE_SIGN_STYLE = Automatic;
				CURRENT_PROJECT_VERSION = 1;
				DEVELOPMENT_TEAM = R83F6KG238;
				GENERATE_INFOPLIST_FILE = YES;
				MARKETING_VERSION = 1.0;
				PRODUCT_BUNDLE_IDENTIFIER = "com.example.Rock-Paper-Scissor-ProjectUITests";
				PRODUCT_NAME = "$(TARGET_NAME)";
				SWIFT_EMIT_LOC_STRINGS = NO;
				SWIFT_VERSION = 5.0;
				TARGETED_DEVICE_FAMILY = "1,2";
				TEST_TARGET_NAME = "Rock-Paper-Scissor Project";
			};
			name = Debug;
		};
		72F1022429A79DB70049F61E /* Release */ = {
			isa = XCBuildConfiguration;
			buildSettings = {
				ALWAYS_EMBED_SWIFT_STANDARD_LIBRARIES = YES;
				CODE_SIGN_STYLE = Automatic;
				CURRENT_PROJECT_VERSION = 1;
				DEVELOPMENT_TEAM = R83F6KG238;
				GENERATE_INFOPLIST_FILE = YES;
				MARKETING_VERSION = 1.0;
				PRODUCT_BUNDLE_IDENTIFIER = "com.example.Rock-Paper-Scissor-ProjectUITests";
				PRODUCT_NAME = "$(TARGET_NAME)";
				SWIFT_EMIT_LOC_STRINGS = NO;
				SWIFT_VERSION = 5.0;
				TARGETED_DEVICE_FAMILY = "1,2";
				TEST_TARGET_NAME = "Rock-Paper-Scissor Project";
			};
			name = Release;
		};
/* End XCBuildConfiguration section */

/* Begin XCConfigurationList section */
		72F101ED29A79DAF0049F61E /* Build configuration list for PBXProject "Rock-Paper-Scissor Project" */ = {
			isa = XCConfigurationList;
			buildConfigurations = (
				72F1021A29A79DB70049F61E /* Debug */,
				72F1021B29A79DB70049F61E /* Release */,
			);
			defaultConfigurationIsVisible = 0;
			defaultConfigurationName = Release;
		};
		72F1021C29A79DB70049F61E /* Build configuration list for PBXNativeTarget "Rock-Paper-Scissor Project" */ = {
			isa = XCConfigurationList;
			buildConfigurations = (
				72F1021D29A79DB70049F61E /* Debug */,
				72F1021E29A79DB70049F61E /* Release */,
			);
			defaultConfigurationIsVisible = 0;
			defaultConfigurationName = Release;
		};
		72F1021F29A79DB70049F61E /* Build configuration list for PBXNativeTarget "Rock-Paper-Scissor ProjectTests" */ = {
			isa = XCConfigurationList;
			buildConfigurations = (
				72F1022029A79DB70049F61E /* Debug */,
				72F1022129A79DB70049F61E /* Release */,
			);
			defaultConfigurationIsVisible = 0;
			defaultConfigurationName = Release;
		};
		72F1022229A79DB70049F61E /* Build configuration list for PBXNativeTarget "Rock-Paper-Scissor ProjectUITests" */ = {
			isa = XCConfigurationList;
			buildConfigurations = (
				72F1022329A79DB70049F61E /* Debug */,
				72F1022429A79DB70049F61E /* Release */,
			);
			defaultConfigurationIsVisible = 0;
			defaultConfigurationName = Release;
		};
/* End XCConfigurationList section */
	};
	rootObject = 72F101EA29A79DAF0049F61E /* Project object */;
}
